
Microsoft Visual Studio Solution File, Format Version 12.00
# Visual Studio Version 17
VisualStudioVersion = 17.7.34009.444
MinimumVisualStudioVersion = 10.0.40219.1
Project("{9A19103F-16F7-4668-BE54-9A1E7A4F7556}") = "API", "LoninWithidentity\API.csproj", "{26C10B9F-D531-496A-8980-0AA4C5AEA0E5}"
EndProject
Project("{9A19103F-16F7-4668-BE54-9A1E7A4F7556}") = "Data", "Data\Data.csproj", "{48171F3F-8231-426F-A1EA-6FCCE6B553C6}"
EndProject
Project("{FAE04EC0-301F-11D3-BF4B-00C04F79EFBC}") = "Client", "Client\Client.csproj", "{5E16685D-64C4-4DB9-8D0E-ACCA4A0AAE30}"
EndProject
Global
	GlobalSection(SolutionConfigurationPlatforms) = preSolution
		Debug|Any CPU = Debug|Any CPU
		Release|Any CPU = Release|Any CPU
	EndGlobalSection
	GlobalSection(ProjectConfigurationPlatforms) = postSolution
		{26C10B9F-D531-496A-8980-0AA4C5AEA0E5}.Debug|Any CPU.ActiveCfg = Debug|Any CPU
		{26C10B9F-D531-496A-8980-0AA4C5AEA0E5}.Debug|Any CPU.Build.0 = Debug|Any CPU
		{26C10B9F-D531-496A-8980-0AA4C5AEA0E5}.Release|Any CPU.ActiveCfg = Release|Any CPU
		{26C10B9F-D531-496A-8980-0AA4C5AEA0E5}.Release|Any CPU.Build.0 = Release|Any CPU
		{48171F3F-8231-426F-A1EA-6FCCE6B553C6}.Debug|Any CPU.ActiveCfg = Debug|Any CPU
		{48171F3F-8231-426F-A1EA-6FCCE6B553C6}.Debug|Any CPU.Build.0 = Debug|Any CPU
		{48171F3F-8231-426F-A1EA-6FCCE6B553C6}.Release|Any CPU.ActiveCfg = Release|Any CPU
		{48171F3F-8231-426F-A1EA-6FCCE6B553C6}.Release|Any CPU.Build.0 = Release|Any CPU
		{5E16685D-64C4-4DB9-8D0E-ACCA4A0AAE30}.Debug|Any CPU.ActiveCfg = Debug|Any CPU
		{5E16685D-64C4-4DB9-8D0E-ACCA4A0AAE30}.Debug|Any CPU.Build.0 = Debug|Any CPU
		{5E16685D-64C4-4DB9-8D0E-ACCA4A0AAE30}.Release|Any CPU.ActiveCfg = Release|Any CPU
		{5E16685D-64C4-4DB9-8D0E-ACCA4A0AAE30}.Release|Any CPU.Build.0 = Release|Any CPU
	EndGlobalSection
	GlobalSection(SolutionProperties) = preSolution
		HideSolutionNode = FALSE
	EndGlobalSection
	GlobalSection(ExtensibilityGlobals) = postSolution
		SolutionGuid = {B31FA26C-55CA-4A13-8B5D-E2E4590B399F}
	EndGlobalSection
EndGlobal
